// !$*UTF8*$!
{
	archiveVersion = 1;
	classes = {
	};
	objectVersion = 47;
	objects = {

/* Begin PBXBuildFile section */
		ED0119C91D48D7E000E1E7FC /* Launch Screen.storyboard in Resources */ = {isa = PBXBuildFile; fileRef = ED0119C81D48D7E000E1E7FC /* Launch Screen.storyboard */; };
		ED13FDFD1C9A902C0072B301 /* NameDays.plist in Resources */ = {isa = PBXBuildFile; fileRef = ED13FDFC1C9A902C0072B301 /* NameDays.plist */; };
		ED14B3931D3D2609002D776A /* Default-568h@2x.png in Resources */ = {isa = PBXBuildFile; fileRef = ED14B3921D3D2609002D776A /* Default-568h@2x.png */; };
		ED1E33831D3CED4B007868F2 /* 180.png in Resources */ = {isa = PBXBuildFile; fileRef = ED1E33821D3CED4B007868F2 /* 180.png */; };
		ED1E33991D3D0830007868F2 /* 48.png in Resources */ = {isa = PBXBuildFile; fileRef = ED1E338E1D3D0830007868F2 /* 48.png */; };
		ED1E339A1D3D0830007868F2 /* 55.png in Resources */ = {isa = PBXBuildFile; fileRef = ED1E338F1D3D0830007868F2 /* 55.png */; };
		ED1E339B1D3D0830007868F2 /* 58.png in Resources */ = {isa = PBXBuildFile; fileRef = ED1E33901D3D0830007868F2 /* 58.png */; };
		ED1E339C1D3D0830007868F2 /* 76.png in Resources */ = {isa = PBXBuildFile; fileRef = ED1E33911D3D0830007868F2 /* 76.png */; };
		ED1E339D1D3D0830007868F2 /* 80.png in Resources */ = {isa = PBXBuildFile; fileRef = ED1E33921D3D0830007868F2 /* 80.png */; };
		ED1E339E1D3D0830007868F2 /* 87.png in Resources */ = {isa = PBXBuildFile; fileRef = ED1E33931D3D0830007868F2 /* 87.png */; };
		ED1E339F1D3D0830007868F2 /* 120.png in Resources */ = {isa = PBXBuildFile; fileRef = ED1E33941D3D0830007868F2 /* 120.png */; };
		ED1E33A01D3D0830007868F2 /* 152.png in Resources */ = {isa = PBXBuildFile; fileRef = ED1E33951D3D0830007868F2 /* 152.png */; };
		ED1E33A11D3D0830007868F2 /* 167.png in Resources */ = {isa = PBXBuildFile; fileRef = ED1E33961D3D0830007868F2 /* 167.png */; };
		ED1E33A21D3D0830007868F2 /* 172.png in Resources */ = {isa = PBXBuildFile; fileRef = ED1E33971D3D0830007868F2 /* 172.png */; };
		ED1E33A31D3D0830007868F2 /* 196.png in Resources */ = {isa = PBXBuildFile; fileRef = ED1E33981D3D0830007868F2 /* 196.png */; };
		ED1E33A61D3D08BD007868F2 /* 29.png in Resources */ = {isa = PBXBuildFile; fileRef = ED1E33A41D3D08BD007868F2 /* 29.png */; };
		ED1E33A71D3D08BD007868F2 /* 40.png in Resources */ = {isa = PBXBuildFile; fileRef = ED1E33A51D3D08BD007868F2 /* 40.png */; };
		ED551D541C161F9A0046F9F3 /* AppDelegate.swift in Sources */ = {isa = PBXBuildFile; fileRef = ED551D531C161F9A0046F9F3 /* AppDelegate.swift */; };
		ED551D561C161F9A0046F9F3 /* ViewController.swift in Sources */ = {isa = PBXBuildFile; fileRef = ED551D551C161F9A0046F9F3 /* ViewController.swift */; };
		ED551D591C161F9A0046F9F3 /* Main.storyboard in Resources */ = {isa = PBXBuildFile; fileRef = ED551D571C161F9A0046F9F3 /* Main.storyboard */; };
		ED551D5B1C161F9A0046F9F3 /* Assets.xcassets in Resources */ = {isa = PBXBuildFile; fileRef = ED551D5A1C161F9A0046F9F3 /* Assets.xcassets */; };
		ED551D631C161F9A0046F9F3 /* czNameDays WatchKit App.app in Embed Watch Content */ = {isa = PBXBuildFile; fileRef = ED551D621C161F9A0046F9F3 /* czNameDays WatchKit App.app */; };
		ED551D691C161F9A0046F9F3 /* Interface.storyboard in Resources */ = {isa = PBXBuildFile; fileRef = ED551D671C161F9A0046F9F3 /* Interface.storyboard */; };
		ED551D6B1C161F9A0046F9F3 /* Assets.xcassets in Resources */ = {isa = PBXBuildFile; fileRef = ED551D6A1C161F9A0046F9F3 /* Assets.xcassets */; };
		ED551D721C161F9A0046F9F3 /* czNameDays WatchKit Extension.appex in Embed App Extensions */ = {isa = PBXBuildFile; fileRef = ED551D711C161F9A0046F9F3 /* czNameDays WatchKit Extension.appex */; settings = {ATTRIBUTES = (RemoveHeadersOnCopy, ); }; };
		ED551D771C161F9A0046F9F3 /* InterfaceController.swift in Sources */ = {isa = PBXBuildFile; fileRef = ED551D761C161F9A0046F9F3 /* InterfaceController.swift */; };
		ED551D791C161F9A0046F9F3 /* ExtensionDelegate.swift in Sources */ = {isa = PBXBuildFile; fileRef = ED551D781C161F9A0046F9F3 /* ExtensionDelegate.swift */; };
		ED551D7D1C161F9A0046F9F3 /* ComplicationController.swift in Sources */ = {isa = PBXBuildFile; fileRef = ED551D7C1C161F9A0046F9F3 /* ComplicationController.swift */; };
		ED551D7F1C161F9A0046F9F3 /* Assets.xcassets in Resources */ = {isa = PBXBuildFile; fileRef = ED551D7E1C161F9A0046F9F3 /* Assets.xcassets */; };
		ED551D8F1C161FE30046F9F3 /* NameDays.swift in Sources */ = {isa = PBXBuildFile; fileRef = ED551D8E1C161FE30046F9F3 /* NameDays.swift */; };
		ED551D901C161FE30046F9F3 /* NameDays.swift in Sources */ = {isa = PBXBuildFile; fileRef = ED551D8E1C161FE30046F9F3 /* NameDays.swift */; };
		EDDE6A701CB683A600B09D22 /* NameDays.plist in Resources */ = {isa = PBXBuildFile; fileRef = ED13FDFC1C9A902C0072B301 /* NameDays.plist */; };
		EDDE6A711CB683AA00B09D22 /* NameDays.plist in Resources */ = {isa = PBXBuildFile; fileRef = ED13FDFC1C9A902C0072B301 /* NameDays.plist */; };
/* End PBXBuildFile section */

/* Begin PBXContainerItemProxy section */
		ED551D641C161F9A0046F9F3 /* PBXContainerItemProxy */ = {
			isa = PBXContainerItemProxy;
			containerPortal = ED551D481C161F990046F9F3 /* Project object */;
			proxyType = 1;
			remoteGlobalIDString = ED551D611C161F9A0046F9F3;
			remoteInfo = "czNameDays WatchKit App";
		};
		ED551D731C161F9A0046F9F3 /* PBXContainerItemProxy */ = {
			isa = PBXContainerItemProxy;
			containerPortal = ED551D481C161F990046F9F3 /* Project object */;
			proxyType = 1;
			remoteGlobalIDString = ED551D701C161F9A0046F9F3;
			remoteInfo = "czNameDays WatchKit Extension";
		};
/* End PBXContainerItemProxy section */

/* Begin PBXCopyFilesBuildPhase section */
		ED551D861C161F9A0046F9F3 /* Embed App Extensions */ = {
			isa = PBXCopyFilesBuildPhase;
			buildActionMask = 2147483647;
			dstPath = "";
			dstSubfolderSpec = 13;
			files = (
				ED551D721C161F9A0046F9F3 /* czNameDays WatchKit Extension.appex in Embed App Extensions */,
			);
			name = "Embed App Extensions";
			runOnlyForDeploymentPostprocessing = 0;
		};
		ED551D8A1C161F9A0046F9F3 /* Embed Watch Content */ = {
			isa = PBXCopyFilesBuildPhase;
			buildActionMask = 2147483647;
			dstPath = "$(CONTENTS_FOLDER_PATH)/Watch";
			dstSubfolderSpec = 16;
			files = (
				ED551D631C161F9A0046F9F3 /* czNameDays WatchKit App.app in Embed Watch Content */,
			);
			name = "Embed Watch Content";
			runOnlyForDeploymentPostprocessing = 0;
		};
/* End PBXCopyFilesBuildPhase section */

/* Begin PBXFileReference section */
		ED0119C81D48D7E000E1E7FC /* Launch Screen.storyboard */ = {isa = PBXFileReference; fileEncoding = 4; lastKnownFileType = file.storyboard; name = "Launch Screen.storyboard"; path = "../Launch Screen.storyboard"; sourceTree = "<group>"; };
		ED11CC561CE87287004B56B1 /* cs */ = {isa = PBXFileReference; lastKnownFileType = text.plist.strings; name = cs; path = cs.lproj/Interface.strings; sourceTree = "<group>"; };
		ED13FDFC1C9A902C0072B301 /* NameDays.plist */ = {isa = PBXFileReference; fileEncoding = 4; lastKnownFileType = text.plist.xml; path = NameDays.plist; sourceTree = "<group>"; };
		ED14B3921D3D2609002D776A /* Default-568h@2x.png */ = {isa = PBXFileReference; lastKnownFileType = image.png; path = "Default-568h@2x.png"; sourceTree = "<group>"; };
		ED1E33791D3CBCA8007868F2 /* cs */ = {isa = PBXFileReference; lastKnownFileType = text.plist.strings; name = cs; path = cs.lproj/Main.strings; sourceTree = "<group>"; };
		ED1E33821D3CED4B007868F2 /* 180.png */ = {isa = PBXFileReference; lastKnownFileType = image.png; path = 180.png; sourceTree = "<group>"; };
		ED1E338E1D3D0830007868F2 /* 48.png */ = {isa = PBXFileReference; lastKnownFileType = image.png; path = 48.png; sourceTree = "<group>"; };
		ED1E338F1D3D0830007868F2 /* 55.png */ = {isa = PBXFileReference; lastKnownFileType = image.png; path = 55.png; sourceTree = "<group>"; };
		ED1E33901D3D0830007868F2 /* 58.png */ = {isa = PBXFileReference; lastKnownFileType = image.png; path = 58.png; sourceTree = "<group>"; };
		ED1E33911D3D0830007868F2 /* 76.png */ = {isa = PBXFileReference; lastKnownFileType = image.png; path = 76.png; sourceTree = "<group>"; };
		ED1E33921D3D0830007868F2 /* 80.png */ = {isa = PBXFileReference; lastKnownFileType = image.png; path = 80.png; sourceTree = "<group>"; };
		ED1E33931D3D0830007868F2 /* 87.png */ = {isa = PBXFileReference; lastKnownFileType = image.png; path = 87.png; sourceTree = "<group>"; };
		ED1E33941D3D0830007868F2 /* 120.png */ = {isa = PBXFileReference; lastKnownFileType = image.png; path = 120.png; sourceTree = "<group>"; };
		ED1E33951D3D0830007868F2 /* 152.png */ = {isa = PBXFileReference; lastKnownFileType = image.png; path = 152.png; sourceTree = "<group>"; };
		ED1E33961D3D0830007868F2 /* 167.png */ = {isa = PBXFileReference; lastKnownFileType = image.png; path = 167.png; sourceTree = "<group>"; };
		ED1E33971D3D0830007868F2 /* 172.png */ = {isa = PBXFileReference; lastKnownFileType = image.png; path = 172.png; sourceTree = "<group>"; };
		ED1E33981D3D0830007868F2 /* 196.png */ = {isa = PBXFileReference; lastKnownFileType = image.png; path = 196.png; sourceTree = "<group>"; };
		ED1E33A41D3D08BD007868F2 /* 29.png */ = {isa = PBXFileReference; lastKnownFileType = image.png; path = 29.png; sourceTree = "<group>"; };
		ED1E33A51D3D08BD007868F2 /* 40.png */ = {isa = PBXFileReference; lastKnownFileType = image.png; path = 40.png; sourceTree = "<group>"; };
		ED551D501C161F9A0046F9F3 /* České svátky.app */ = {isa = PBXFileReference; explicitFileType = wrapper.application; includeInIndex = 0; path = "České svátky.app"; sourceTree = BUILT_PRODUCTS_DIR; };
		ED551D531C161F9A0046F9F3 /* AppDelegate.swift */ = {isa = PBXFileReference; lastKnownFileType = sourcecode.swift; path = AppDelegate.swift; sourceTree = "<group>"; };
		ED551D551C161F9A0046F9F3 /* ViewController.swift */ = {isa = PBXFileReference; lastKnownFileType = sourcecode.swift; path = ViewController.swift; sourceTree = "<group>"; };
		ED551D581C161F9A0046F9F3 /* Base */ = {isa = PBXFileReference; lastKnownFileType = file.storyboard; name = Base; path = Base.lproj/Main.storyboard; sourceTree = "<group>"; };
		ED551D5A1C161F9A0046F9F3 /* Assets.xcassets */ = {isa = PBXFileReference; lastKnownFileType = folder.assetcatalog; path = Assets.xcassets; sourceTree = "<group>"; };
		ED551D5F1C161F9A0046F9F3 /* Info.plist */ = {isa = PBXFileReference; lastKnownFileType = text.plist.xml; path = Info.plist; sourceTree = "<group>"; };
		ED551D621C161F9A0046F9F3 /* czNameDays WatchKit App.app */ = {isa = PBXFileReference; explicitFileType = wrapper.application; includeInIndex = 0; path = "czNameDays WatchKit App.app"; sourceTree = BUILT_PRODUCTS_DIR; };
		ED551D681C161F9A0046F9F3 /* Base */ = {isa = PBXFileReference; lastKnownFileType = file.storyboard; name = Base; path = Base.lproj/Interface.storyboard; sourceTree = "<group>"; };
		ED551D6A1C161F9A0046F9F3 /* Assets.xcassets */ = {isa = PBXFileReference; lastKnownFileType = folder.assetcatalog; path = Assets.xcassets; sourceTree = "<group>"; };
		ED551D6C1C161F9A0046F9F3 /* Info.plist */ = {isa = PBXFileReference; lastKnownFileType = text.plist.xml; path = Info.plist; sourceTree = "<group>"; };
		ED551D711C161F9A0046F9F3 /* czNameDays WatchKit Extension.appex */ = {isa = PBXFileReference; explicitFileType = "wrapper.app-extension"; includeInIndex = 0; path = "czNameDays WatchKit Extension.appex"; sourceTree = BUILT_PRODUCTS_DIR; };
		ED551D761C161F9A0046F9F3 /* InterfaceController.swift */ = {isa = PBXFileReference; lastKnownFileType = sourcecode.swift; path = InterfaceController.swift; sourceTree = "<group>"; };
		ED551D781C161F9A0046F9F3 /* ExtensionDelegate.swift */ = {isa = PBXFileReference; lastKnownFileType = sourcecode.swift; path = ExtensionDelegate.swift; sourceTree = "<group>"; };
		ED551D7C1C161F9A0046F9F3 /* ComplicationController.swift */ = {isa = PBXFileReference; lastKnownFileType = sourcecode.swift; path = ComplicationController.swift; sourceTree = "<group>"; };
		ED551D7E1C161F9A0046F9F3 /* Assets.xcassets */ = {isa = PBXFileReference; lastKnownFileType = folder.assetcatalog; path = Assets.xcassets; sourceTree = "<group>"; };
		ED551D801C161F9A0046F9F3 /* Info.plist */ = {isa = PBXFileReference; lastKnownFileType = text.plist.xml; path = Info.plist; sourceTree = "<group>"; };
		ED551D8E1C161FE30046F9F3 /* NameDays.swift */ = {isa = PBXFileReference; fileEncoding = 4; lastKnownFileType = sourcecode.swift; path = NameDays.swift; sourceTree = "<group>"; };
/* End PBXFileReference section */

/* Begin PBXFrameworksBuildPhase section */
		ED551D4D1C161F990046F9F3 /* Frameworks */ = {
			isa = PBXFrameworksBuildPhase;
			buildActionMask = 2147483647;
			files = (
			);
			runOnlyForDeploymentPostprocessing = 0;
		};
		ED551D6E1C161F9A0046F9F3 /* Frameworks */ = {
			isa = PBXFrameworksBuildPhase;
			buildActionMask = 2147483647;
			files = (
			);
			runOnlyForDeploymentPostprocessing = 0;
		};
/* End PBXFrameworksBuildPhase section */

/* Begin PBXGroup section */
		ED551D471C161F990046F9F3 = {
			isa = PBXGroup;
			children = (
				ED14B3921D3D2609002D776A /* Default-568h@2x.png */,
				ED551D521C161F9A0046F9F3 /* czNameDays */,
				ED551D661C161F9A0046F9F3 /* czNameDays WatchKit App */,
				ED551D751C161F9A0046F9F3 /* czNameDays WatchKit Extension */,
				ED551D511C161F9A0046F9F3 /* Products */,
			);
			sourceTree = "<group>";
			usesTabs = 0;
		};
		ED551D511C161F9A0046F9F3 /* Products */ = {
			isa = PBXGroup;
			children = (
				ED551D501C161F9A0046F9F3 /* České svátky.app */,
				ED551D621C161F9A0046F9F3 /* czNameDays WatchKit App.app */,
				ED551D711C161F9A0046F9F3 /* czNameDays WatchKit Extension.appex */,
			);
			name = Products;
			sourceTree = "<group>";
		};
		ED551D521C161F9A0046F9F3 /* czNameDays */ = {
			isa = PBXGroup;
			children = (
				ED1E33A41D3D08BD007868F2 /* 29.png */,
				ED1E33A51D3D08BD007868F2 /* 40.png */,
				ED1E338E1D3D0830007868F2 /* 48.png */,
				ED1E338F1D3D0830007868F2 /* 55.png */,
				ED1E33901D3D0830007868F2 /* 58.png */,
				ED1E33911D3D0830007868F2 /* 76.png */,
				ED1E33921D3D0830007868F2 /* 80.png */,
				ED1E33931D3D0830007868F2 /* 87.png */,
				ED1E33941D3D0830007868F2 /* 120.png */,
				ED1E33951D3D0830007868F2 /* 152.png */,
				ED1E33961D3D0830007868F2 /* 167.png */,
				ED1E33971D3D0830007868F2 /* 172.png */,
				ED1E33981D3D0830007868F2 /* 196.png */,
				ED1E33821D3CED4B007868F2 /* 180.png */,
				ED551D531C161F9A0046F9F3 /* AppDelegate.swift */,
				ED551D551C161F9A0046F9F3 /* ViewController.swift */,
				ED0119C81D48D7E000E1E7FC /* Launch Screen.storyboard */,
				ED551D571C161F9A0046F9F3 /* Main.storyboard */,
				ED551D5A1C161F9A0046F9F3 /* Assets.xcassets */,
				ED551D5F1C161F9A0046F9F3 /* Info.plist */,
				ED551D8E1C161FE30046F9F3 /* NameDays.swift */,
				ED13FDFC1C9A902C0072B301 /* NameDays.plist */,
			);
			path = czNameDays;
			sourceTree = "<group>";
		};
		ED551D661C161F9A0046F9F3 /* czNameDays WatchKit App */ = {
			isa = PBXGroup;
			children = (
				ED551D671C161F9A0046F9F3 /* Interface.storyboard */,
				ED551D6A1C161F9A0046F9F3 /* Assets.xcassets */,
				ED551D6C1C161F9A0046F9F3 /* Info.plist */,
			);
			path = "czNameDays WatchKit App";
			sourceTree = "<group>";
		};
		ED551D751C161F9A0046F9F3 /* czNameDays WatchKit Extension */ = {
			isa = PBXGroup;
			children = (
				ED551D761C161F9A0046F9F3 /* InterfaceController.swift */,
				ED551D781C161F9A0046F9F3 /* ExtensionDelegate.swift */,
				ED551D7C1C161F9A0046F9F3 /* ComplicationController.swift */,
				ED551D7E1C161F9A0046F9F3 /* Assets.xcassets */,
				ED551D801C161F9A0046F9F3 /* Info.plist */,
			);
			path = "czNameDays WatchKit Extension";
			sourceTree = "<group>";
		};
/* End PBXGroup section */

/* Begin PBXNativeTarget section */
		ED551D4F1C161F990046F9F3 /* czNameDays */ = {
			isa = PBXNativeTarget;
			buildConfigurationList = ED551D8B1C161F9A0046F9F3 /* Build configuration list for PBXNativeTarget "czNameDays" */;
			buildPhases = (
				ED551D4C1C161F990046F9F3 /* Sources */,
				ED551D4D1C161F990046F9F3 /* Frameworks */,
				ED551D4E1C161F990046F9F3 /* Resources */,
				ED551D8A1C161F9A0046F9F3 /* Embed Watch Content */,
			);
			buildRules = (
			);
			dependencies = (
				ED551D651C161F9A0046F9F3 /* PBXTargetDependency */,
			);
			name = czNameDays;
			productName = czNameDays;
			productReference = ED551D501C161F9A0046F9F3 /* České svátky.app */;
			productType = "com.apple.product-type.application";
		};
		ED551D611C161F9A0046F9F3 /* czNameDays WatchKit App */ = {
			isa = PBXNativeTarget;
			buildConfigurationList = ED551D871C161F9A0046F9F3 /* Build configuration list for PBXNativeTarget "czNameDays WatchKit App" */;
			buildPhases = (
				ED551D601C161F9A0046F9F3 /* Resources */,
				ED551D861C161F9A0046F9F3 /* Embed App Extensions */,
			);
			buildRules = (
			);
			dependencies = (
				ED551D741C161F9A0046F9F3 /* PBXTargetDependency */,
			);
			name = "czNameDays WatchKit App";
			productName = "czNameDays WatchKit App";
			productReference = ED551D621C161F9A0046F9F3 /* czNameDays WatchKit App.app */;
			productType = "com.apple.product-type.application.watchapp2";
		};
		ED551D701C161F9A0046F9F3 /* czNameDays WatchKit Extension */ = {
			isa = PBXNativeTarget;
			buildConfigurationList = ED551D831C161F9A0046F9F3 /* Build configuration list for PBXNativeTarget "czNameDays WatchKit Extension" */;
			buildPhases = (
				ED551D6D1C161F9A0046F9F3 /* Sources */,
				ED551D6E1C161F9A0046F9F3 /* Frameworks */,
				ED551D6F1C161F9A0046F9F3 /* Resources */,
			);
			buildRules = (
			);
			dependencies = (
			);
			name = "czNameDays WatchKit Extension";
			productName = "czNameDays WatchKit Extension";
			productReference = ED551D711C161F9A0046F9F3 /* czNameDays WatchKit Extension.appex */;
			productType = "com.apple.product-type.watchkit2-extension";
		};
/* End PBXNativeTarget section */

/* Begin PBXProject section */
		ED551D481C161F990046F9F3 /* Project object */ = {
			isa = PBXProject;
			attributes = {
				LastSwiftUpdateCheck = 0710;
				LastUpgradeCheck = 0710;
				ORGANIZATIONNAME = "Petr Řezníček";
				TargetAttributes = {
					ED551D4F1C161F990046F9F3 = {
						CreatedOnToolsVersion = 7.1.1;
						DevelopmentTeam = XP282SCQ8L;
					};
					ED551D611C161F9A0046F9F3 = {
						CreatedOnToolsVersion = 7.1.1;
						DevelopmentTeam = XP282SCQ8L;
					};
					ED551D701C161F9A0046F9F3 = {
						CreatedOnToolsVersion = 7.1.1;
						DevelopmentTeam = XP282SCQ8L;
					};
				};
			};
			buildConfigurationList = ED551D4B1C161F990046F9F3 /* Build configuration list for PBXProject "czNameDays" */;
			compatibilityVersion = "Xcode 6.3";
			developmentRegion = English;
			hasScannedForEncodings = 0;
			knownRegions = (
				en,
				Base,
				cs,
			);
			mainGroup = ED551D471C161F990046F9F3;
			productRefGroup = ED551D511C161F9A0046F9F3 /* Products */;
			projectDirPath = "";
			projectRoot = "";
			targets = (
				ED551D4F1C161F990046F9F3 /* czNameDays */,
				ED551D611C161F9A0046F9F3 /* czNameDays WatchKit App */,
				ED551D701C161F9A0046F9F3 /* czNameDays WatchKit Extension */,
			);
		};
/* End PBXProject section */

/* Begin PBXResourcesBuildPhase section */
		ED551D4E1C161F990046F9F3 /* Resources */ = {
			isa = PBXResourcesBuildPhase;
			buildActionMask = 2147483647;
			files = (
				ED1E339E1D3D0830007868F2 /* 87.png in Resources */,
				ED1E339F1D3D0830007868F2 /* 120.png in Resources */,
				ED1E33A11D3D0830007868F2 /* 167.png in Resources */,
				ED1E33991D3D0830007868F2 /* 48.png in Resources */,
				ED1E33A61D3D08BD007868F2 /* 29.png in Resources */,
				ED1E33A71D3D08BD007868F2 /* 40.png in Resources */,
				ED1E339B1D3D0830007868F2 /* 58.png in Resources */,
				ED1E339A1D3D0830007868F2 /* 55.png in Resources */,
				ED0119C91D48D7E000E1E7FC /* Launch Screen.storyboard in Resources */,
				ED1E33831D3CED4B007868F2 /* 180.png in Resources */,
				ED1E33A01D3D0830007868F2 /* 152.png in Resources */,
				ED551D5B1C161F9A0046F9F3 /* Assets.xcassets in Resources */,
				ED14B3931D3D2609002D776A /* Default-568h@2x.png in Resources */,
				ED13FDFD1C9A902C0072B301 /* NameDays.plist in Resources */,
				ED1E339D1D3D0830007868F2 /* 80.png in Resources */,
				ED1E339C1D3D0830007868F2 /* 76.png in Resources */,
				ED1E33A31D3D0830007868F2 /* 196.png in Resources */,
				ED1E33A21D3D0830007868F2 /* 172.png in Resources */,
				ED551D591C161F9A0046F9F3 /* Main.storyboard in Resources */,
			);
			runOnlyForDeploymentPostprocessing = 0;
		};
		ED551D601C161F9A0046F9F3 /* Resources */ = {
			isa = PBXResourcesBuildPhase;
			buildActionMask = 2147483647;
			files = (
				ED551D6B1C161F9A0046F9F3 /* Assets.xcassets in Resources */,
				EDDE6A711CB683AA00B09D22 /* NameDays.plist in Resources */,
				ED551D691C161F9A0046F9F3 /* Interface.storyboard in Resources */,
			);
			runOnlyForDeploymentPostprocessing = 0;
		};
		ED551D6F1C161F9A0046F9F3 /* Resources */ = {
			isa = PBXResourcesBuildPhase;
			buildActionMask = 2147483647;
			files = (
				EDDE6A701CB683A600B09D22 /* NameDays.plist in Resources */,
				ED551D7F1C161F9A0046F9F3 /* Assets.xcassets in Resources */,
			);
			runOnlyForDeploymentPostprocessing = 0;
		};
/* End PBXResourcesBuildPhase section */

/* Begin PBXSourcesBuildPhase section */
		ED551D4C1C161F990046F9F3 /* Sources */ = {
			isa = PBXSourcesBuildPhase;
			buildActionMask = 2147483647;
			files = (
				ED551D561C161F9A0046F9F3 /* ViewController.swift in Sources */,
				ED551D541C161F9A0046F9F3 /* AppDelegate.swift in Sources */,
				ED551D8F1C161FE30046F9F3 /* NameDays.swift in Sources */,
			);
			runOnlyForDeploymentPostprocessing = 0;
		};
		ED551D6D1C161F9A0046F9F3 /* Sources */ = {
			isa = PBXSourcesBuildPhase;
			buildActionMask = 2147483647;
			files = (
				ED551D791C161F9A0046F9F3 /* ExtensionDelegate.swift in Sources */,
				ED551D7D1C161F9A0046F9F3 /* ComplicationController.swift in Sources */,
				ED551D771C161F9A0046F9F3 /* InterfaceController.swift in Sources */,
				ED551D901C161FE30046F9F3 /* NameDays.swift in Sources */,
			);
			runOnlyForDeploymentPostprocessing = 0;
		};
/* End PBXSourcesBuildPhase section */

/* Begin PBXTargetDependency section */
		ED551D651C161F9A0046F9F3 /* PBXTargetDependency */ = {
			isa = PBXTargetDependency;
			target = ED551D611C161F9A0046F9F3 /* czNameDays WatchKit App */;
			targetProxy = ED551D641C161F9A0046F9F3 /* PBXContainerItemProxy */;
		};
		ED551D741C161F9A0046F9F3 /* PBXTargetDependency */ = {
			isa = PBXTargetDependency;
			target = ED551D701C161F9A0046F9F3 /* czNameDays WatchKit Extension */;
			targetProxy = ED551D731C161F9A0046F9F3 /* PBXContainerItemProxy */;
		};
/* End PBXTargetDependency section */

/* Begin PBXVariantGroup section */
		ED551D571C161F9A0046F9F3 /* Main.storyboard */ = {
			isa = PBXVariantGroup;
			children = (
				ED551D581C161F9A0046F9F3 /* Base */,
				ED1E33791D3CBCA8007868F2 /* cs */,
			);
			name = Main.storyboard;
			sourceTree = "<group>";
		};
		ED551D671C161F9A0046F9F3 /* Interface.storyboard */ = {
			isa = PBXVariantGroup;
			children = (
				ED551D681C161F9A0046F9F3 /* Base */,
				ED11CC561CE87287004B56B1 /* cs */,
			);
			name = Interface.storyboard;
			sourceTree = "<group>";
		};
/* End PBXVariantGroup section */

/* Begin XCBuildConfiguration section */
		ED551D811C161F9A0046F9F3 /* Debug */ = {
			isa = XCBuildConfiguration;
			buildSettings = {
				ALWAYS_SEARCH_USER_PATHS = NO;
				CLANG_CXX_LANGUAGE_STANDARD = "gnu++0x";
				CLANG_CXX_LIBRARY = "libc++";
				CLANG_ENABLE_MODULES = YES;
				CLANG_ENABLE_OBJC_ARC = YES;
				CLANG_WARN_BOOL_CONVERSION = YES;
				CLANG_WARN_CONSTANT_CONVERSION = YES;
				CLANG_WARN_DIRECT_OBJC_ISA_USAGE = YES_ERROR;
				CLANG_WARN_EMPTY_BODY = YES;
				CLANG_WARN_ENUM_CONVERSION = YES;
				CLANG_WARN_INT_CONVERSION = YES;
				CLANG_WARN_OBJC_ROOT_CLASS = YES_ERROR;
				CLANG_WARN_UNREACHABLE_CODE = YES;
				CLANG_WARN__DUPLICATE_METHOD_MATCH = YES;
				"CODE_SIGN_IDENTITY[sdk=iphoneos*]" = "iPhone Developer";
				COPY_PHASE_STRIP = NO;
				DEBUG_INFORMATION_FORMAT = dwarf;
				ENABLE_STRICT_OBJC_MSGSEND = YES;
				ENABLE_TESTABILITY = YES;
				GCC_C_LANGUAGE_STANDARD = gnu99;
				GCC_DYNAMIC_NO_PIC = NO;
				GCC_NO_COMMON_BLOCKS = YES;
				GCC_OPTIMIZATION_LEVEL = 0;
				GCC_PREPROCESSOR_DEFINITIONS = (
					"DEBUG=1",
					"$(inherited)",
				);
				GCC_WARN_64_TO_32_BIT_CONVERSION = YES;
				GCC_WARN_ABOUT_RETURN_TYPE = YES_ERROR;
				GCC_WARN_UNDECLARED_SELECTOR = YES;
				GCC_WARN_UNINITIALIZED_AUTOS = YES_AGGRESSIVE;
				GCC_WARN_UNUSED_FUNCTION = YES;
				GCC_WARN_UNUSED_VARIABLE = YES;
				IPHONEOS_DEPLOYMENT_TARGET = 9.3;
				MTL_ENABLE_DEBUG_INFO = YES;
				ONLY_ACTIVE_ARCH = YES;
				SDKROOT = iphoneos;
				SWIFT_OPTIMIZATION_LEVEL = "-Onone";
				TARGETED_DEVICE_FAMILY = "1,2";
			};
			name = Debug;
		};
		ED551D821C161F9A0046F9F3 /* Release */ = {
			isa = XCBuildConfiguration;
			buildSettings = {
				ALWAYS_SEARCH_USER_PATHS = NO;
				CLANG_CXX_LANGUAGE_STANDARD = "gnu++0x";
				CLANG_CXX_LIBRARY = "libc++";
				CLANG_ENABLE_MODULES = YES;
				CLANG_ENABLE_OBJC_ARC = YES;
				CLANG_WARN_BOOL_CONVERSION = YES;
				CLANG_WARN_CONSTANT_CONVERSION = YES;
				CLANG_WARN_DIRECT_OBJC_ISA_USAGE = YES_ERROR;
				CLANG_WARN_EMPTY_BODY = YES;
				CLANG_WARN_ENUM_CONVERSION = YES;
				CLANG_WARN_INT_CONVERSION = YES;
				CLANG_WARN_OBJC_ROOT_CLASS = YES_ERROR;
				CLANG_WARN_UNREACHABLE_CODE = YES;
				CLANG_WARN__DUPLICATE_METHOD_MATCH = YES;
				"CODE_SIGN_IDENTITY[sdk=iphoneos*]" = "iPhone Developer";
				COPY_PHASE_STRIP = NO;
				DEBUG_INFORMATION_FORMAT = "dwarf-with-dsym";
				ENABLE_NS_ASSERTIONS = NO;
				ENABLE_STRICT_OBJC_MSGSEND = YES;
				GCC_C_LANGUAGE_STANDARD = gnu99;
				GCC_NO_COMMON_BLOCKS = YES;
				GCC_WARN_64_TO_32_BIT_CONVERSION = YES;
				GCC_WARN_ABOUT_RETURN_TYPE = YES_ERROR;
				GCC_WARN_UNDECLARED_SELECTOR = YES;
				GCC_WARN_UNINITIALIZED_AUTOS = YES_AGGRESSIVE;
				GCC_WARN_UNUSED_FUNCTION = YES;
				GCC_WARN_UNUSED_VARIABLE = YES;
				IPHONEOS_DEPLOYMENT_TARGET = 9.3;
				MTL_ENABLE_DEBUG_INFO = NO;
				SDKROOT = iphoneos;
				TARGETED_DEVICE_FAMILY = "1,2";
				VALIDATE_PRODUCT = YES;
			};
			name = Release;
		};
		ED551D841C161F9A0046F9F3 /* Debug */ = {
			isa = XCBuildConfiguration;
			buildSettings = {
				ASSETCATALOG_COMPILER_COMPLICATION_NAME = Complication;
				CODE_SIGN_IDENTITY = "iPhone Developer";
				"CODE_SIGN_IDENTITY[sdk=watchos*]" = "iPhone Developer";
				INFOPLIST_FILE = "czNameDays WatchKit Extension/Info.plist";
				LD_RUNPATH_SEARCH_PATHS = "$(inherited) @executable_path/Frameworks @executable_path/../../Frameworks";
				PRODUCT_BUNDLE_IDENTIFIER = kecinzer.czNameDays.watchkitapp.watchkitextension;
				PRODUCT_NAME = "${TARGET_NAME}";
				PROVISIONING_PROFILE = "";
				SDKROOT = watchos;
				SKIP_INSTALL = YES;
				TARGETED_DEVICE_FAMILY = 4;
				WATCHOS_DEPLOYMENT_TARGET = 2.0;
			};
			name = Debug;
		};
		ED551D851C161F9A0046F9F3 /* Release */ = {
			isa = XCBuildConfiguration;
			buildSettings = {
				ASSETCATALOG_COMPILER_COMPLICATION_NAME = Complication;
				CODE_SIGN_IDENTITY = "iPhone Developer";
				"CODE_SIGN_IDENTITY[sdk=watchos*]" = "iPhone Developer";
				INFOPLIST_FILE = "czNameDays WatchKit Extension/Info.plist";
				LD_RUNPATH_SEARCH_PATHS = "$(inherited) @executable_path/Frameworks @executable_path/../../Frameworks";
				PRODUCT_BUNDLE_IDENTIFIER = kecinzer.czNameDays.watchkitapp.watchkitextension;
				PRODUCT_NAME = "${TARGET_NAME}";
				PROVISIONING_PROFILE = "";
				SDKROOT = watchos;
				SKIP_INSTALL = YES;
				TARGETED_DEVICE_FAMILY = 4;
				WATCHOS_DEPLOYMENT_TARGET = 2.0;
			};
			name = Release;
		};
		ED551D881C161F9A0046F9F3 /* Debug */ = {
			isa = XCBuildConfiguration;
			buildSettings = {
				ASSETCATALOG_COMPILER_APPICON_NAME = AppIcon;
				CODE_SIGN_IDENTITY = "iPhone Developer";
				"CODE_SIGN_IDENTITY[sdk=watchos*]" = "iPhone Developer";
				EMBEDDED_CONTENT_CONTAINS_SWIFT = YES;
				IBSC_MODULE = czNameDays_WatchKit_Extension;
				INFOPLIST_FILE = "czNameDays WatchKit App/Info.plist";
				PRODUCT_BUNDLE_IDENTIFIER = kecinzer.czNameDays.watchkitapp;
				PRODUCT_NAME = "$(TARGET_NAME)";
				PROVISIONING_PROFILE = "";
				SDKROOT = watchos;
				SKIP_INSTALL = YES;
				TARGETED_DEVICE_FAMILY = 4;
				WATCHOS_DEPLOYMENT_TARGET = 2.0;
			};
			name = Debug;
		};
		ED551D891C161F9A0046F9F3 /* Release */ = {
			isa = XCBuildConfiguration;
			buildSettings = {
				ASSETCATALOG_COMPILER_APPICON_NAME = AppIcon;
				CODE_SIGN_IDENTITY = "iPhone Developer";
				"CODE_SIGN_IDENTITY[sdk=watchos*]" = "iPhone Developer";
				EMBEDDED_CONTENT_CONTAINS_SWIFT = YES;
				IBSC_MODULE = czNameDays_WatchKit_Extension;
				INFOPLIST_FILE = "czNameDays WatchKit App/Info.plist";
				PRODUCT_BUNDLE_IDENTIFIER = kecinzer.czNameDays.watchkitapp;
				PRODUCT_NAME = "$(TARGET_NAME)";
				PROVISIONING_PROFILE = "";
				SDKROOT = watchos;
				SKIP_INSTALL = YES;
				TARGETED_DEVICE_FAMILY = 4;
				WATCHOS_DEPLOYMENT_TARGET = 2.0;
			};
			name = Release;
		};
		ED551D8C1C161F9A0046F9F3 /* Debug */ = {
			isa = XCBuildConfiguration;
			buildSettings = {
				ASSETCATALOG_COMPILER_APPICON_NAME = AppIcon;
				CODE_SIGN_IDENTITY = "iPhone Developer";
				"CODE_SIGN_IDENTITY[sdk=iphoneos*]" = "iPhone Developer";
				INFOPLIST_FILE = czNameDays/Info.plist;
				IPHONEOS_DEPLOYMENT_TARGET = 9.3;
				LD_RUNPATH_SEARCH_PATHS = "$(inherited) @executable_path/Frameworks";
				PRODUCT_BUNDLE_IDENTIFIER = kecinzer.czNameDays;
				PRODUCT_NAME = "České svátky";
				PROVISIONING_PROFILE = "";
				TARGETED_DEVICE_FAMILY = "1,2";
			};
			name = Debug;
		};
		ED551D8D1C161F9A0046F9F3 /* Release */ = {
			isa = XCBuildConfiguration;
			buildSettings = {
				ASSETCATALOG_COMPILER_APPICON_NAME = AppIcon;
				CODE_SIGN_IDENTITY = "iPhone Developer";
				"CODE_SIGN_IDENTITY[sdk=iphoneos*]" = "iPhone Developer";
				INFOPLIST_FILE = czNameDays/Info.plist;
				IPHONEOS_DEPLOYMENT_TARGET = 9.3;
				LD_RUNPATH_SEARCH_PATHS = "$(inherited) @executable_path/Frameworks";
				PRODUCT_BUNDLE_IDENTIFIER = kecinzer.czNameDays;
				PRODUCT_NAME = "České svátky";
				PROVISIONING_PROFILE = "";
				TARGETED_DEVICE_FAMILY = "1,2";
			};
			name = Release;
		};
/* End XCBuildConfiguration section */

/* Begin XCConfigurationList section */
		ED551D4B1C161F990046F9F3 /* Build configuration list for PBXProject "czNameDays" */ = {
			isa = XCConfigurationList;
			buildConfigurations = (
				ED551D811C161F9A0046F9F3 /* Debug */,
				ED551D821C161F9A0046F9F3 /* Release */,
			);
			defaultConfigurationIsVisible = 0;
			defaultConfigurationName = Release;
		};
		ED551D831C161F9A0046F9F3 /* Build configuration list for PBXNativeTarget "czNameDays WatchKit Extension" */ = {
			isa = XCConfigurationList;
			buildConfigurations = (
				ED551D841C161F9A0046F9F3 /* Debug */,
				ED551D851C161F9A0046F9F3 /* Release */,
			);
			defaultConfigurationIsVisible = 0;
			defaultConfigurationName = Release;
		};
		ED551D871C161F9A0046F9F3 /* Build configuration list for PBXNativeTarget "czNameDays WatchKit App" */ = {
			isa = XCConfigurationList;
			buildConfigurations = (
				ED551D881C161F9A0046F9F3 /* Debug */,
				ED551D891C161F9A0046F9F3 /* Release */,
			);
			defaultConfigurationIsVisible = 0;
			defaultConfigurationName = Release;
		};
		ED551D8B1C161F9A0046F9F3 /* Build configuration list for PBXNativeTarget "czNameDays" */ = {
			isa = XCConfigurationList;
			buildConfigurations = (
				ED551D8C1C161F9A0046F9F3 /* Debug */,
				ED551D8D1C161F9A0046F9F3 /* Release */,
			);
			defaultConfigurationIsVisible = 0;
			defaultConfigurationName = Release;
		};
/* End XCConfigurationList section */
	};
	rootObject = ED551D481C161F990046F9F3 /* Project object */;
}
